
Microsoft Visual Studio Solution File, Format Version 12.00
# Visual Studio 2012
Project("{FAE04EC0-301F-11D3-BF4B-00C04F79EFBC}") = "Admin", "Admin\Admin.csproj", "{F257A9E3-58FC-427B-B3D2-262C10DE1864}"
EndProject
Global
	GlobalSection(SolutionConfigurationPlatforms) = preSolution
		AWS|Any CPU = AWS|Any CPU
		Debug|Any CPU = Debug|Any CPU
		Dev|Any CPU = Dev|Any CPU
		Prod|Any CPU = Prod|Any CPU
		Test|Any CPU = Test|Any CPU
	EndGlobalSection
	GlobalSection(ProjectConfigurationPlatforms) = postSolution
		{F257A9E3-58FC-427B-B3D2-262C10DE1864}.AWS|Any CPU.ActiveCfg = Release|Any CPU
		{F257A9E3-58FC-427B-B3D2-262C10DE1864}.AWS|Any CPU.Build.0 = Release|Any CPU
		{F257A9E3-58FC-427B-B3D2-262C10DE1864}.Debug|Any CPU.ActiveCfg = Debug|Any CPU
		{F257A9E3-58FC-427B-B3D2-262C10DE1864}.Debug|Any CPU.Build.0 = Debug|Any CPU
		{F257A9E3-58FC-427B-B3D2-262C10DE1864}.Dev|Any CPU.ActiveCfg = Debug|Any CPU
		{F257A9E3-58FC-427B-B3D2-262C10DE1864}.Dev|Any CPU.Build.0 = Debug|Any CPU
		{F257A9E3-58FC-427B-B3D2-262C10DE1864}.Prod|Any CPU.ActiveCfg = Prod|Any CPU
		{F257A9E3-58FC-427B-B3D2-262C10DE1864}.Prod|Any CPU.Build.0 = Prod|Any CPU
		{F257A9E3-58FC-427B-B3D2-262C10DE1864}.Test|Any CPU.ActiveCfg = Test|Any CPU
		{F257A9E3-58FC-427B-B3D2-262C10DE1864}.Test|Any CPU.Build.0 = Test|Any CPU
	EndGlobalSection
	GlobalSection(SolutionProperties) = preSolution
		HideSolutionNode = FALSE
	EndGlobalSection
	GlobalSection(ExtensibilityGlobals) = postSolution
		VisualSVNWorkingCopyRoot = .
	EndGlobalSection
EndGlobal
